
Microsoft Visual Studio Solution File, Format Version 12.00
# Visual Studio Version 17
VisualStudioVersion = 17.8.34511.84
MinimumVisualStudioVersion = 10.0.40219.1
Project("{FAE04EC0-301F-11D3-BF4B-00C04F79EFBC}") = "WeatherStatistics", "WeatherStatistics\WeatherStatistics.csproj", "{F656CAE8-AF19-4A5C-88E5-6C6B6BB6ABFB}"
EndProject
Global
	GlobalSection(SolutionConfigurationPlatforms) = preSolution
		Debug|Any CPU = Debug|Any CPU
		Release|Any CPU = Release|Any CPU
	EndGlobalSection
	GlobalSection(ProjectConfigurationPlatforms) = postSolution
		{F656CAE8-AF19-4A5C-88E5-6C6B6BB6ABFB}.Debug|Any CPU.ActiveCfg = Debug|Any CPU
		{F656CAE8-AF19-4A5C-88E5-6C6B6BB6ABFB}.Debug|Any CPU.Build.0 = Debug|Any CPU
		{F656CAE8-AF19-4A5C-88E5-6C6B6BB6ABFB}.Release|Any CPU.ActiveCfg = Release|Any CPU
		{F656CAE8-AF19-4A5C-88E5-6C6B6BB6ABFB}.Release|Any CPU.Build.0 = Release|Any CPU
	EndGlobalSection
	GlobalSection(SolutionProperties) = preSolution
		HideSolutionNode = FALSE
	EndGlobalSection
	GlobalSection(ExtensibilityGlobals) = postSolution
		SolutionGuid = {27426399-5EB9-419D-9BF0-F2FBECDB43D2}
	EndGlobalSection
EndGlobal
